
Microsoft Visual Studio Solution File, Format Version 12.00
# Visual Studio 15
Project("{FAE04EC0-301F-11D3-BF4B-00C04F79EFBC}") = "Assembly-CSharp", "Assembly-CSharp.csproj", "{CBFC4170-F8F1-E83A-7DF3-58888D8E2AC4}"
EndProject
Global
	GlobalSection(SolutionConfigurationPlatforms) = preSolution
		Debug|Any CPU = Debug|Any CPU
		Release|Any CPU = Release|Any CPU
	EndGlobalSection
	GlobalSection(ProjectConfigurationPlatforms) = postSolution
		{CBFC4170-F8F1-E83A-7DF3-58888D8E2AC4}.Debug|Any CPU.ActiveCfg = Debug|Any CPU
		{CBFC4170-F8F1-E83A-7DF3-58888D8E2AC4}.Debug|Any CPU.Build.0 = Debug|Any CPU
		{CBFC4170-F8F1-E83A-7DF3-58888D8E2AC4}.Release|Any CPU.ActiveCfg = Release|Any CPU
		{CBFC4170-F8F1-E83A-7DF3-58888D8E2AC4}.Release|Any CPU.Build.0 = Release|Any CPU
	EndGlobalSection
	GlobalSection(SolutionProperties) = preSolution
		HideSolutionNode = FALSE
	EndGlobalSection
EndGlobal
